
Microsoft Visual Studio Solution File, Format Version 12.00
# Visual Studio Version 17
VisualStudioVersion = 17.10.34607.79
MinimumVisualStudioVersion = 10.0.40219.1
Project("{FAE04EC0-301F-11D3-BF4B-00C04F79EFBC}") = "systemEnviroment", "systemEnviroment.csproj", "{699E874A-8408-41C3-B438-059A031E75F7}"
EndProject
Global
	GlobalSection(SolutionConfigurationPlatforms) = preSolution
		Debug|Any CPU = Debug|Any CPU
		Release|Any CPU = Release|Any CPU
	EndGlobalSection
	GlobalSection(ProjectConfigurationPlatforms) = postSolution
		{699E874A-8408-41C3-B438-059A031E75F7}.Debug|Any CPU.ActiveCfg = Debug|Any CPU
		{699E874A-8408-41C3-B438-059A031E75F7}.Debug|Any CPU.Build.0 = Debug|Any CPU
		{699E874A-8408-41C3-B438-059A031E75F7}.Release|Any CPU.ActiveCfg = Release|Any CPU
		{699E874A-8408-41C3-B438-059A031E75F7}.Release|Any CPU.Build.0 = Release|Any CPU
	EndGlobalSection
	GlobalSection(SolutionProperties) = preSolution
		HideSolutionNode = FALSE
	EndGlobalSection
	GlobalSection(ExtensibilityGlobals) = postSolution
		SolutionGuid = {4B209203-0152-4412-B598-C620F4A1C731}
	EndGlobalSection
EndGlobal
